{
  "name": "npda-prem",
  "version": "1.0.0",
  "lockfileVersion": 3,
  "requires": true,
  "packages": {
    "": {
      "name": "npda-prem",
      "version": "1.0.0",
      "license": "ISC",
      "dependencies": {
        "nhsuk-frontend": "^10.3.1"
      }
    },
    "node_modules/nhsuk-frontend": {
      "version": "10.3.1",
      "resolved": "https://registry.npmjs.org/nhsuk-frontend/-/nhsuk-frontend-10.3.1.tgz",
      "integrity": "sha512-R9DH31TfTA3fgi3U0jSVO6wxXEAQY9j5pYzRF4lB3M/Kx3UxvN+oCCWRjTKC/L6wqcddX3qzByl5wKe3PdNX4Q==",
      "license": "MIT",
      "engines": {
        "node": "^20.9.0 || ^22.11.0 || ^24.11.0"
      }
    }
  }
}
